
Microsoft Visual Studio Solution File, Format Version 12.00
# Visual Studio Version 17
VisualStudioVersion = 17.4.33103.184
MinimumVisualStudioVersion = 10.0.40219.1
Project("{FAE04EC0-301F-11D3-BF4B-00C04F79EFBC}") = "ConsoleApp2", "ConsoleApp2\ConsoleApp2.csproj", "{BE5BD97C-D414-41FA-BAD5-CB2BCF96C12C}"
EndProject
Global
	GlobalSection(SolutionConfigurationPlatforms) = preSolution
		Debug|Any CPU = Debug|Any CPU
		Release|Any CPU = Release|Any CPU
	EndGlobalSection
	GlobalSection(ProjectConfigurationPlatforms) = postSolution
		{BE5BD97C-D414-41FA-BAD5-CB2BCF96C12C}.Debug|Any CPU.ActiveCfg = Debug|Any CPU
		{BE5BD97C-D414-41FA-BAD5-CB2BCF96C12C}.Debug|Any CPU.Build.0 = Debug|Any CPU
		{BE5BD97C-D414-41FA-BAD5-CB2BCF96C12C}.Release|Any CPU.ActiveCfg = Release|Any CPU
		{BE5BD97C-D414-41FA-BAD5-CB2BCF96C12C}.Release|Any CPU.Build.0 = Release|Any CPU
	EndGlobalSection
	GlobalSection(SolutionProperties) = preSolution
		HideSolutionNode = FALSE
	EndGlobalSection
	GlobalSection(ExtensibilityGlobals) = postSolution
		SolutionGuid = {4518CAAE-E62B-4435-B8F0-61C31C3A74F5}
	EndGlobalSection
EndGlobal
